
Microsoft Visual Studio Solution File, Format Version 12.00
# Visual Studio 15
VisualStudioVersion = 15.0.26430.15
MinimumVisualStudioVersion = 10.0.40219.1
Project("{FAE04EC0-301F-11D3-BF4B-00C04F79EFBC}") = "GildedRose-Kata", "GildedRose-Kata\GildedRose-Kata.csproj", "{F995F06B-104D-4F44-BEBC-0C341C509494}"
EndProject
Project("{FAE04EC0-301F-11D3-BF4B-00C04F79EFBC}") = "GildedRose-Kata.Tests", "GildedRose-Kata.Tests\GildedRose-Kata.Tests.csproj", "{AA692ACF-8FC9-401E-8CEC-0351F3BACABF}"
EndProject
Global
	GlobalSection(SolutionConfigurationPlatforms) = preSolution
		Debug|Any CPU = Debug|Any CPU
		Release|Any CPU = Release|Any CPU
	EndGlobalSection
	GlobalSection(ProjectConfigurationPlatforms) = postSolution
		{F995F06B-104D-4F44-BEBC-0C341C509494}.Debug|Any CPU.ActiveCfg = Debug|Any CPU
		{F995F06B-104D-4F44-BEBC-0C341C509494}.Debug|Any CPU.Build.0 = Debug|Any CPU
		{F995F06B-104D-4F44-BEBC-0C341C509494}.Release|Any CPU.ActiveCfg = Release|Any CPU
		{F995F06B-104D-4F44-BEBC-0C341C509494}.Release|Any CPU.Build.0 = Release|Any CPU
		{AA692ACF-8FC9-401E-8CEC-0351F3BACABF}.Debug|Any CPU.ActiveCfg = Debug|Any CPU
		{AA692ACF-8FC9-401E-8CEC-0351F3BACABF}.Debug|Any CPU.Build.0 = Debug|Any CPU
		{AA692ACF-8FC9-401E-8CEC-0351F3BACABF}.Release|Any CPU.ActiveCfg = Release|Any CPU
		{AA692ACF-8FC9-401E-8CEC-0351F3BACABF}.Release|Any CPU.Build.0 = Release|Any CPU
	EndGlobalSection
	GlobalSection(SolutionProperties) = preSolution
		HideSolutionNode = FALSE
	EndGlobalSection
EndGlobal
